
Microsoft Visual Studio Solution File, Format Version 12.00
# Visual Studio 15
VisualStudioVersion = 15.0.27703.2047
MinimumVisualStudioVersion = 10.0.40219.1
Project("{FAE04EC0-301F-11D3-BF4B-00C04F79EFBC}") = "ExercicioEF", "ConsoleApp1\ExercicioEF.csproj", "{42885C47-72E4-42C9-9436-E11FC2C87B7A}"
EndProject
Global
	GlobalSection(SolutionConfigurationPlatforms) = preSolution
		Debug|Any CPU = Debug|Any CPU
		Release|Any CPU = Release|Any CPU
	EndGlobalSection
	GlobalSection(ProjectConfigurationPlatforms) = postSolution
		{42885C47-72E4-42C9-9436-E11FC2C87B7A}.Debug|Any CPU.ActiveCfg = Debug|Any CPU
		{42885C47-72E4-42C9-9436-E11FC2C87B7A}.Debug|Any CPU.Build.0 = Debug|Any CPU
		{42885C47-72E4-42C9-9436-E11FC2C87B7A}.Release|Any CPU.ActiveCfg = Release|Any CPU
		{42885C47-72E4-42C9-9436-E11FC2C87B7A}.Release|Any CPU.Build.0 = Release|Any CPU
	EndGlobalSection
	GlobalSection(SolutionProperties) = preSolution
		HideSolutionNode = FALSE
	EndGlobalSection
	GlobalSection(ExtensibilityGlobals) = postSolution
		SolutionGuid = {78C8DCB6-6C93-465E-BFE9-BAB4666EFC1F}
	EndGlobalSection
EndGlobal
